{
  "name": "guessword",
  "version": "1.0.0",
  "lockfileVersion": 1,
  "requires": true,
  "dependencies": {
    "bl": {
      "version": "2.2.0",
      "resolved": "https://artifactory.infrateam.xyz:443/api/npm/npm/bl/-/bl-2.2.0.tgz",
      "integrity": "sha1-4aV0zfUo5AUwGbuACwQcCsiNpJM=",
      "requires": {
        "readable-stream": "^2.3.5",
        "safe-buffer": "^5.1.1"
      }
    },
    "bluebird": {
      "version": "3.5.1",
      "resolved": "https://artifactory.infrateam.xyz:443/api/npm/npm/bluebird/-/bluebird-3.5.1.tgz",
      "integrity": "sha1-2VUfnemPH82h5oPRfukaBgLuLrk="
    },
    "bson": {
      "version": "1.1.5",
      "resolved": "https://artifactory.infrateam.xyz:443/api/npm/npm/bson/-/bson-1.1.5.tgz",
      "integrity": "sha1-Kqrpj832dQwISLDLod3sPHMGCjQ="
    },
    "core-util-is": {
      "version": "1.0.2",
      "resolved": "https://artifactory.infrateam.xyz:443/api/npm/npm/core-util-is/-/core-util-is-1.0.2.tgz",
      "integrity": "sha1-tf1UIgqivFq1eqtxQMlAdUUDwac="
    },
    "debug": {
      "version": "4.1.1",
      "resolved": "https://artifactory.infrateam.xyz:443/api/npm/npm/debug/-/debug-4.1.1.tgz",
      "integrity": "sha1-O3ImAlUQnGtYnO4FDx1RYTlmR5E=",
      "requires": {
        "ms": "^2.1.1"
      }
    },
    "denque": {
      "version": "1.4.1",
      "resolved": "https://artifactory.infrateam.xyz:443/api/npm/npm/denque/-/denque-1.4.1.tgz",
      "integrity": "sha1-Z0T/dkHBSMP4ppwwflEjXB9KN88="
    },
    "dotenv": {
      "version": "8.2.0",
      "resolved": "https://artifactory.infrateam.xyz:443/api/npm/npm/dotenv/-/dotenv-8.2.0.tgz",
      "integrity": "sha1-l+YZJZradQ7qPk6j4mvO6lQksWo="
    },
    "inherits": {
      "version": "2.0.4",
      "resolved": "https://artifactory.infrateam.xyz:443/api/npm/npm/inherits/-/inherits-2.0.4.tgz",
      "integrity": "sha1-D6LGT5MpF8NDOg3tVTY6rjdBa3w="
    },
    "isarray": {
      "version": "1.0.0",
      "resolved": "https://artifactory.infrateam.xyz:443/api/npm/npm/isarray/-/isarray-1.0.0.tgz",
      "integrity": "sha1-u5NdSFgsuhaMBoNJV6VKPgcSTxE="
    },
    "kareem": {
      "version": "2.3.1",
      "resolved": "https://artifactory.infrateam.xyz:443/api/npm/npm/kareem/-/kareem-2.3.1.tgz",
      "integrity": "sha1-3vEtnJQQF/q/sA+HOvlenJnhvoc="
    },
    "memory-pager": {
      "version": "1.5.0",
      "resolved": "https://artifactory.infrateam.xyz:443/api/npm/npm/memory-pager/-/memory-pager-1.5.0.tgz",
      "integrity": "sha1-2HUWVdItOEaCdByXLyw9bfo+ZrU=",
      "optional": true
    },
    "minimist": {
      "version": "1.2.5",
      "resolved": "https://artifactory.infrateam.xyz:443/api/npm/npm/minimist/-/minimist-1.2.5.tgz",
      "integrity": "sha1-Z9ZgFLZqaoqqDAg8X9WN9OTpdgI="
    },
    "module-alias": {
      "version": "2.2.2",
      "resolved": "https://artifactory.infrateam.xyz:443/api/npm/npm/module-alias/-/module-alias-2.2.2.tgz",
      "integrity": "sha1-FRzc7MJOJXOf8KpuUeHFcWl0wOA="
    },
    "mongodb": {
      "version": "3.6.0",
      "resolved": "https://artifactory.infrateam.xyz:443/api/npm/npm/mongodb/-/mongodb-3.6.0.tgz",
      "integrity": "sha1-ur1xcuxxfi7T+F4Hmz8aop3ORyQ=",
      "requires": {
        "bl": "^2.2.0",
        "bson": "^1.1.4",
        "denque": "^1.4.1",
        "require_optional": "^1.0.1",
        "safe-buffer": "^5.1.2",
        "saslprep": "^1.0.0"
      }
    },
    "mongoose": {
      "version": "5.10.0",
      "resolved": "https://artifactory.infrateam.xyz:443/api/npm/npm/mongoose/-/mongoose-5.10.0.tgz",
      "integrity": "sha1-BaNfWj2EhWE8mYiuuVSChalwg/c=",
      "requires": {
        "bson": "^1.1.4",
        "kareem": "2.3.1",
        "mongodb": "3.6.0",
        "mongoose-legacy-pluralize": "1.0.2",
        "mpath": "0.7.0",
        "mquery": "3.2.2",
        "ms": "2.1.2",
        "regexp-clone": "1.0.0",
        "safe-buffer": "5.2.1",
        "sift": "7.0.1",
        "sliced": "1.0.1"
      }
    },
    "mongoose-legacy-pluralize": {
      "version": "1.0.2",
      "resolved": "https://artifactory.infrateam.xyz:443/api/npm/npm/mongoose-legacy-pluralize/-/mongoose-legacy-pluralize-1.0.2.tgz",
      "integrity": "sha1-O6n5H6UHtRhtOZ+0CFS/8Y+1Y+Q="
    },
    "mpath": {
      "version": "0.7.0",
      "resolved": "https://artifactory.infrateam.xyz:443/api/npm/npm/mpath/-/mpath-0.7.0.tgz",
      "integrity": "sha1-IOgQLidrcXCdbgfp+NTQ9kGvv7g="
    },
    "mquery": {
      "version": "3.2.2",
      "resolved": "https://artifactory.infrateam.xyz:443/api/npm/npm/mquery/-/mquery-3.2.2.tgz",
      "integrity": "sha1-4Tg6OVGFLOI+N/YZqbNQ8fs2ZOc=",
      "requires": {
        "bluebird": "3.5.1",
        "debug": "3.1.0",
        "regexp-clone": "^1.0.0",
        "safe-buffer": "5.1.2",
        "sliced": "1.0.1"
      },
      "dependencies": {
        "debug": {
          "version": "3.1.0",
          "resolved": "https://artifactory.infrateam.xyz:443/api/npm/npm/debug/-/debug-3.1.0.tgz",
          "integrity": "sha1-W7WgZyYotkFJVmuhaBnmFRjGcmE=",
          "requires": {
            "ms": "2.0.0"
          }
        },
        "ms": {
          "version": "2.0.0",
          "resolved": "https://artifactory.infrateam.xyz:443/api/npm/npm/ms/-/ms-2.0.0.tgz",
          "integrity": "sha1-VgiurfwAvmwpAd9fmGF4jeDVl8g="
        },
        "safe-buffer": {
          "version": "5.1.2",
          "resolved": "https://artifactory.infrateam.xyz:443/api/npm/npm/safe-buffer/-/safe-buffer-5.1.2.tgz",
          "integrity": "sha1-mR7GnSluAxN0fVm9/St0XDX4go0="
        }
      }
    },
    "ms": {
      "version": "2.1.2",
      "resolved": "https://artifactory.infrateam.xyz:443/api/npm/npm/ms/-/ms-2.1.2.tgz",
      "integrity": "sha1-0J0fNXtEP0kzgqjrPM0YOHKuYAk="
    },
    "node-fetch": {
      "version": "2.6.0",
      "resolved": "https://artifactory.infrateam.xyz:443/api/npm/npm/node-fetch/-/node-fetch-2.6.0.tgz",
      "integrity": "sha1-5jNFY4bUqlWGP2dqerDaqP3ssP0="
    },
    "process-nextick-args": {
      "version": "2.0.1",
      "resolved": "https://artifactory.infrateam.xyz:443/api/npm/npm/process-nextick-args/-/process-nextick-args-2.0.1.tgz",
      "integrity": "sha1-eCDZsWEgzFXKmud5JoCufbptf+I="
    },
    "readable-stream": {
      "version": "2.3.7",
      "resolved": "https://artifactory.infrateam.xyz:443/api/npm/npm/readable-stream/-/readable-stream-2.3.7.tgz",
      "integrity": "sha1-Hsoc9xGu+BTAT2IlKjamL2yyO1c=",
      "requires": {
        "core-util-is": "~1.0.0",
        "inherits": "~2.0.3",
        "isarray": "~1.0.0",
        "process-nextick-args": "~2.0.0",
        "safe-buffer": "~5.1.1",
        "string_decoder": "~1.1.1",
        "util-deprecate": "~1.0.1"
      },
      "dependencies": {
        "safe-buffer": {
          "version": "5.1.2",
          "resolved": "https://artifactory.infrateam.xyz:443/api/npm/npm/safe-buffer/-/safe-buffer-5.1.2.tgz",
          "integrity": "sha1-mR7GnSluAxN0fVm9/St0XDX4go0="
        }
      }
    },
    "regexp-clone": {
      "version": "1.0.0",
      "resolved": "https://artifactory.infrateam.xyz:443/api/npm/npm/regexp-clone/-/regexp-clone-1.0.0.tgz",
      "integrity": "sha1-Ii25Z2IydwViYLmSYmNUoEzpv2M="
    },
    "require_optional": {
      "version": "1.0.1",
      "resolved": "https://artifactory.infrateam.xyz:443/api/npm/npm/require_optional/-/require_optional-1.0.1.tgz",
      "integrity": "sha1-TPNaQkf2TKPfjC7yCMxJSxyo/C4=",
      "requires": {
        "resolve-from": "^2.0.0",
        "semver": "^5.1.0"
      }
    },
    "resolve-from": {
      "version": "2.0.0",
      "resolved": "https://artifactory.infrateam.xyz:443/api/npm/npm/resolve-from/-/resolve-from-2.0.0.tgz",
      "integrity": "sha1-lICrIOlP+h2egKgEx+oUdhGWa1c="
    },
    "safe-buffer": {
      "version": "5.2.1",
      "resolved": "https://artifactory.infrateam.xyz:443/api/npm/npm/safe-buffer/-/safe-buffer-5.2.1.tgz",
      "integrity": "sha1-Hq+fqb2x/dTsdfWPnNtOa3gn7sY="
    },
    "sandwich-stream": {
      "version": "2.0.2",
      "resolved": "https://artifactory.infrateam.xyz:443/api/npm/npm/sandwich-stream/-/sandwich-stream-2.0.2.tgz",
      "integrity": "sha1-bR/rbPfp/p+ttBUTRZpywuhAAPo="
    },
    "saslprep": {
      "version": "1.0.3",
      "resolved": "https://artifactory.infrateam.xyz:443/api/npm/npm/saslprep/-/saslprep-1.0.3.tgz",
      "integrity": "sha1-TAL5RrVs9UKX40e6EJPnrKxM8iY=",
      "optional": true,
      "requires": {
        "sparse-bitfield": "^3.0.3"
      }
    },
    "semver": {
      "version": "5.7.1",
      "resolved": "https://artifactory.infrateam.xyz:443/api/npm/npm/semver/-/semver-5.7.1.tgz",
      "integrity": "sha1-qVT5Ma66UI0we78Gnv8MAclhFvc="
    },
    "sift": {
      "version": "7.0.1",
      "resolved": "https://artifactory.infrateam.xyz:443/api/npm/npm/sift/-/sift-7.0.1.tgz",
      "integrity": "sha1-R9YsULFZ0xbxNy+LU/nBDNIaSwg="
    },
    "sliced": {
      "version": "1.0.1",
      "resolved": "https://artifactory.infrateam.xyz:443/api/npm/npm/sliced/-/sliced-1.0.1.tgz",
      "integrity": "sha1-CzpmK10Ewxd7GSa+qCsD+Dei70E="
    },
    "sparse-bitfield": {
      "version": "3.0.3",
      "resolved": "https://artifactory.infrateam.xyz:443/api/npm/npm/sparse-bitfield/-/sparse-bitfield-3.0.3.tgz",
      "integrity": "sha1-/0rm5oZWBWuks+eSqzM004JzyhE=",
      "optional": true,
      "requires": {
        "memory-pager": "^1.0.2"
      }
    },
    "string_decoder": {
      "version": "1.1.1",
      "resolved": "https://artifactory.infrateam.xyz:443/api/npm/npm/string_decoder/-/string_decoder-1.1.1.tgz",
      "integrity": "sha1-nPFhG6YmhdcDCunkujQUnDrwP8g=",
      "requires": {
        "safe-buffer": "~5.1.0"
      },
      "dependencies": {
        "safe-buffer": {
          "version": "5.1.2",
          "resolved": "https://artifactory.infrateam.xyz:443/api/npm/npm/safe-buffer/-/safe-buffer-5.1.2.tgz",
          "integrity": "sha1-mR7GnSluAxN0fVm9/St0XDX4go0="
        }
      }
    },
    "telegraf": {
      "version": "3.38.0",
      "resolved": "https://artifactory.infrateam.xyz:443/api/npm/npm/telegraf/-/telegraf-3.38.0.tgz",
      "integrity": "sha1-dFtEdUeo5s22JgVeTWFgWKquB1k=",
      "requires": {
        "debug": "^4.0.1",
        "minimist": "^1.2.0",
        "module-alias": "^2.2.2",
        "node-fetch": "^2.2.0",
        "sandwich-stream": "^2.0.1",
        "telegram-typings": "^3.6.0"
      }
    },
    "telegraf-session-mongodb": {
      "version": "1.3.1",
      "resolved": "https://artifactory.infrateam.xyz:443/api/npm/npm/telegraf-session-mongodb/-/telegraf-session-mongodb-1.3.1.tgz",
      "integrity": "sha1-ZR2k3bg2tgT6zCD1p6bB7kWdmDc=",
      "requires": {
        "mongodb": "^3.1.10"
      }
    },
    "telegram-typings": {
      "version": "3.6.1",
      "resolved": "https://artifactory.infrateam.xyz:443/api/npm/npm/telegram-typings/-/telegram-typings-3.6.1.tgz",
      "integrity": "sha1-EojVR/hpS2HxwBwpk+KV8xFNniU="
    },
    "util-deprecate": {
      "version": "1.0.2",
      "resolved": "https://artifactory.infrateam.xyz:443/api/npm/npm/util-deprecate/-/util-deprecate-1.0.2.tgz",
      "integrity": "sha1-RQ1Nyfpw3nMnYvvS1KKJgUGaDM8="
    },
    "uuid": {
      "version": "8.3.0",
      "resolved": "https://artifactory.infrateam.xyz:443/api/npm/npm/uuid/-/uuid-8.3.0.tgz",
      "integrity": "sha1-q3OAhcoi3JqMknJeRZsdUH311uo="
    }
  }
}
